
Microsoft Visual Studio Solution File, Format Version 12.00
# Visual Studio Version 17
VisualStudioVersion = 17.11.35327.3
MinimumVisualStudioVersion = 10.0.40219.1
Project("{FAE04EC0-301F-11D3-BF4B-00C04F79EFBC}") = "MvcDiscGolf", "MvcDiscGolf\MvcDiscGolf.csproj", "{23D896E7-28E6-4D6D-91C9-E75231D4763D}"
EndProject
Global
	GlobalSection(SolutionConfigurationPlatforms) = preSolution
		Debug|Any CPU = Debug|Any CPU
		Release|Any CPU = Release|Any CPU
	EndGlobalSection
	GlobalSection(ProjectConfigurationPlatforms) = postSolution
		{23D896E7-28E6-4D6D-91C9-E75231D4763D}.Debug|Any CPU.ActiveCfg = Debug|Any CPU
		{23D896E7-28E6-4D6D-91C9-E75231D4763D}.Debug|Any CPU.Build.0 = Debug|Any CPU
		{23D896E7-28E6-4D6D-91C9-E75231D4763D}.Release|Any CPU.ActiveCfg = Release|Any CPU
		{23D896E7-28E6-4D6D-91C9-E75231D4763D}.Release|Any CPU.Build.0 = Release|Any CPU
	EndGlobalSection
	GlobalSection(SolutionProperties) = preSolution
		HideSolutionNode = FALSE
	EndGlobalSection
	GlobalSection(ExtensibilityGlobals) = postSolution
		SolutionGuid = {ACFB9AAF-C789-42CA-876A-E494452B2042}
	EndGlobalSection
EndGlobal
